
Microsoft Visual Studio Solution File, Format Version 12.00
# Visual Studio 15
VisualStudioVersion = 15.0.27703.2042
MinimumVisualStudioVersion = 10.0.40219.1
Project("{FAE04EC0-301F-11D3-BF4B-00C04F79EFBC}") = "Net_server", "Net_server\Net_server.csproj", "{683B4923-B887-4370-B87C-FFA9C20DA8B8}"
EndProject
Global
	GlobalSection(SolutionConfigurationPlatforms) = preSolution
		Debug|Any CPU = Debug|Any CPU
		Release|Any CPU = Release|Any CPU
	EndGlobalSection
	GlobalSection(ProjectConfigurationPlatforms) = postSolution
		{683B4923-B887-4370-B87C-FFA9C20DA8B8}.Debug|Any CPU.ActiveCfg = Debug|Any CPU
		{683B4923-B887-4370-B87C-FFA9C20DA8B8}.Debug|Any CPU.Build.0 = Debug|Any CPU
		{683B4923-B887-4370-B87C-FFA9C20DA8B8}.Release|Any CPU.ActiveCfg = Release|Any CPU
		{683B4923-B887-4370-B87C-FFA9C20DA8B8}.Release|Any CPU.Build.0 = Release|Any CPU
	EndGlobalSection
	GlobalSection(SolutionProperties) = preSolution
		HideSolutionNode = FALSE
	EndGlobalSection
	GlobalSection(ExtensibilityGlobals) = postSolution
		SolutionGuid = {BD4106BF-7518-44DE-9E77-DABE28D7D657}
	EndGlobalSection
EndGlobal
